// !$*UTF8*$!
{
	archiveVersion = 1;
	classes = {
	};
	objectVersion = 46;
	objects = {

/* Begin PBXBuildFile section */
		006D720419952D00008149E2 /* AVFoundation.framework in Frameworks */ = {isa = PBXBuildFile; fileRef = 006D720219952D00008149E2 /* AVFoundation.framework */; };
		006D720519952D00008149E2 /* CoreMedia.framework in Frameworks */ = {isa = PBXBuildFile; fileRef = 006D720319952D00008149E2 /* CoreMedia.framework */; };
		0091D8F90E81B9330029341E /* OpenGL.framework in Frameworks */ = {isa = PBXBuildFile; fileRef = 0091D8F80E81B9330029341E /* OpenGL.framework */; };
		00B784B30FF439BC000DE1D7 /* Accelerate.framework in Frameworks */ = {isa = PBXBuildFile; fileRef = 00B784AF0FF439BC000DE1D7 /* Accelerate.framework */; };
		00B784B40FF439BC000DE1D7 /* AudioToolbox.framework in Frameworks */ = {isa = PBXBuildFile; fileRef = 00B784B00FF439BC000DE1D7 /* AudioToolbox.framework */; };
		00B784B50FF439BC000DE1D7 /* AudioUnit.framework in Frameworks */ = {isa = PBXBuildFile; fileRef = 00B784B10FF439BC000DE1D7 /* AudioUnit.framework */; };
		00B784B60FF439BC000DE1D7 /* CoreAudio.framework in Frameworks */ = {isa = PBXBuildFile; fileRef = 00B784B20FF439BC000DE1D7 /* CoreAudio.framework */; };
		00B9955A1B128DF400A5C623 /* IOKit.framework in Frameworks */ = {isa = PBXBuildFile; fileRef = 00B995581B128DF400A5C623 /* IOKit.framework */; };
		00B9955B1B128DF400A5C623 /* IOSurface.framework in Frameworks */ = {isa = PBXBuildFile; fileRef = 00B995591B128DF400A5C623 /* IOSurface.framework */; };
		51CA7AD9B7364030B35A1885 /* CinderApp.icns in Resources */ = {isa = PBXBuildFile; fileRef = 4A48FE7062534F0192F8A5FB /* CinderApp.icns */; };
		5323E6B20EAFCA74003A9687 /* CoreVideo.framework in Frameworks */ = {isa = PBXBuildFile; fileRef = 5323E6B10EAFCA74003A9687 /* CoreVideo.framework */; };
		8D11072F0486CEB800E47090 /* Cocoa.framework in Frameworks */ = {isa = PBXBuildFile; fileRef = 1058C7A1FEA54F0111CA2CBB /* Cocoa.framework */; };
		99139EB51FBA24DF00F94327 /* LuaBindings_2.cpp in Sources */ = {isa = PBXBuildFile; fileRef = 99139EB41FBA24DF00F94327 /* LuaBindings_2.cpp */; };
		991A61FC1F51BB5A001E44E8 /* GLSL.plist in Resources */ = {isa = PBXBuildFile; fileRef = 991A61FB1F51BB5A001E44E8 /* GLSL.plist */; };
		992BDE0F1F4AF23D001BDFBC /* MyLineNumberView.m in Sources */ = {isa = PBXBuildFile; fileRef = 992BDE0C1F4AF23D001BDFBC /* MyLineNumberView.m */; };
		992BDE111F4AF23D001BDFBC /* MyNSTextView.mm in Sources */ = {isa = PBXBuildFile; fileRef = 992BDE0E1F4AF23D001BDFBC /* MyNSTextView.mm */; };
		992BDE161F4AF8B6001BDFBC /* MyMainMenu.xib in Resources */ = {isa = PBXBuildFile; fileRef = 992BDE151F4AF8B5001BDFBC /* MyMainMenu.xib */; };
		9951A9FC1F40D46E0007F2A3 /* RtMidi.cpp in Sources */ = {isa = PBXBuildFile; fileRef = 9951A9BB1F40D46D0007F2A3 /* RtMidi.cpp */; };
		9951AA171F40D46E0007F2A3 /* MidiHub.cpp in Sources */ = {isa = PBXBuildFile; fileRef = 9951A9ED1F40D46E0007F2A3 /* MidiHub.cpp */; };
		9951AA181F40D46E0007F2A3 /* MidiIn.cpp in Sources */ = {isa = PBXBuildFile; fileRef = 9951A9EE1F40D46E0007F2A3 /* MidiIn.cpp */; };
		9951AA191F40D46E0007F2A3 /* MidiMessage.cpp in Sources */ = {isa = PBXBuildFile; fileRef = 9951A9EF1F40D46E0007F2A3 /* MidiMessage.cpp */; };
		9951AA1A1F40D46E0007F2A3 /* MidiOut.cpp in Sources */ = {isa = PBXBuildFile; fileRef = 9951A9F01F40D46E0007F2A3 /* MidiOut.cpp */; };
		9951AB8C1F40D4950007F2A3 /* CoreMIDI.framework in Frameworks */ = {isa = PBXBuildFile; fileRef = 9951AB8B1F40D4950007F2A3 /* CoreMIDI.framework */; };
		9986C37D1FC3474B00198ED6 /* MyNSSplitView.mm in Sources */ = {isa = PBXBuildFile; fileRef = 9986C37C1FC3474B00198ED6 /* MyNSSplitView.mm */; };
		9990BAA51F70051600C62B7A /* Osc.cpp in Sources */ = {isa = PBXBuildFile; fileRef = 9990BA301F70051600C62B7A /* Osc.cpp */; };
		99BF83491F60C91D00E0B4A8 /* LUA.plist in Resources */ = {isa = PBXBuildFile; fileRef = 99BF83481F60C91D00E0B4A8 /* LUA.plist */; };
		99C5AC1D1F6DC75D009DB2FB /* liblua53.a in Frameworks */ = {isa = PBXBuildFile; fileRef = 99C5AC1B1F6DC75D009DB2FB /* liblua53.a */; };
		99C5AC1E1F6DC75D009DB2FB /* liblua53.dylib in Frameworks */ = {isa = PBXBuildFile; fileRef = 99C5AC1C1F6DC75D009DB2FB /* liblua53.dylib */; };
		99D456F31F8C51EE00BF4DB3 /* luaBindings.cpp in Sources */ = {isa = PBXBuildFile; fileRef = 99D456F11F8C51EE00BF4DB3 /* luaBindings.cpp */; };
		99D456F61F8C66CE00BF4DB3 /* MyNSScroller.m in Sources */ = {isa = PBXBuildFile; fileRef = 99D456F51F8C66CE00BF4DB3 /* MyNSScroller.m */; };
		99D456F81F8C68EB00BF4DB3 /* CinderProjectBasicApp.mm in Sources */ = {isa = PBXBuildFile; fileRef = 99D456F71F8C68EB00BF4DB3 /* CinderProjectBasicApp.mm */; };
		99E08CB11F79C5C000DE1838 /* startup.lua in Resources */ = {isa = PBXBuildFile; fileRef = 99E08CB01F79C5C000DE1838 /* startup.lua */; };
		99E08CB31F79E16600DE1838 /* FeedbackNSTextView.mm in Sources */ = {isa = PBXBuildFile; fileRef = 99E08CB21F79E16600DE1838 /* FeedbackNSTextView.mm */; };
		99E982051F366B930013A336 /* WebKit.framework in Frameworks */ = {isa = PBXBuildFile; fileRef = 99E982041F366B930013A336 /* WebKit.framework */; };
		99EBEB641F3E997200453241 /* AudioDrawUtils.cpp in Sources */ = {isa = PBXBuildFile; fileRef = 99EBEB631F3E997200453241 /* AudioDrawUtils.cpp */; };
/* End PBXBuildFile section */

/* Begin PBXFileReference section */
		006D720219952D00008149E2 /* AVFoundation.framework */ = {isa = PBXFileReference; lastKnownFileType = wrapper.framework; name = AVFoundation.framework; path = System/Library/Frameworks/AVFoundation.framework; sourceTree = SDKROOT; };
		006D720319952D00008149E2 /* CoreMedia.framework */ = {isa = PBXFileReference; lastKnownFileType = wrapper.framework; name = CoreMedia.framework; path = System/Library/Frameworks/CoreMedia.framework; sourceTree = SDKROOT; };
		0091D8F80E81B9330029341E /* OpenGL.framework */ = {isa = PBXFileReference; lastKnownFileType = wrapper.framework; name = OpenGL.framework; path = /System/Library/Frameworks/OpenGL.framework; sourceTree = "<absolute>"; };
		00B784AF0FF439BC000DE1D7 /* Accelerate.framework */ = {isa = PBXFileReference; lastKnownFileType = wrapper.framework; name = Accelerate.framework; path = System/Library/Frameworks/Accelerate.framework; sourceTree = SDKROOT; };
		00B784B00FF439BC000DE1D7 /* AudioToolbox.framework */ = {isa = PBXFileReference; lastKnownFileType = wrapper.framework; name = AudioToolbox.framework; path = System/Library/Frameworks/AudioToolbox.framework; sourceTree = SDKROOT; };
		00B784B10FF439BC000DE1D7 /* AudioUnit.framework */ = {isa = PBXFileReference; lastKnownFileType = wrapper.framework; name = AudioUnit.framework; path = System/Library/Frameworks/AudioUnit.framework; sourceTree = SDKROOT; };
		00B784B20FF439BC000DE1D7 /* CoreAudio.framework */ = {isa = PBXFileReference; lastKnownFileType = wrapper.framework; name = CoreAudio.framework; path = System/Library/Frameworks/CoreAudio.framework; sourceTree = SDKROOT; };
		00B995581B128DF400A5C623 /* IOKit.framework */ = {isa = PBXFileReference; lastKnownFileType = wrapper.framework; name = IOKit.framework; path = System/Library/Frameworks/IOKit.framework; sourceTree = SDKROOT; };
		00B995591B128DF400A5C623 /* IOSurface.framework */ = {isa = PBXFileReference; lastKnownFileType = wrapper.framework; name = IOSurface.framework; path = System/Library/Frameworks/IOSurface.framework; sourceTree = SDKROOT; };
		02FAB0FF541A4FECB8818EDB /* LuaBindings.hpp */ = {isa = PBXFileReference; lastKnownFileType = sourcecode.cpp.h; name = LuaBindings.hpp; path = ../include/LuaBindings.hpp; sourceTree = "<group>"; };
		1058C7A1FEA54F0111CA2CBB /* Cocoa.framework */ = {isa = PBXFileReference; lastKnownFileType = wrapper.framework; name = Cocoa.framework; path = /System/Library/Frameworks/Cocoa.framework; sourceTree = "<absolute>"; };
		29B97324FDCFA39411CA2CEA /* AppKit.framework */ = {isa = PBXFileReference; lastKnownFileType = wrapper.framework; name = AppKit.framework; path = /System/Library/Frameworks/AppKit.framework; sourceTree = "<absolute>"; };
		29B97325FDCFA39411CA2CEA /* Foundation.framework */ = {isa = PBXFileReference; lastKnownFileType = wrapper.framework; name = Foundation.framework; path = /System/Library/Frameworks/Foundation.framework; sourceTree = "<absolute>"; };
		4442529699194DE2A42C0BAF /* Resources.h */ = {isa = PBXFileReference; lastKnownFileType = sourcecode.c.h; name = Resources.h; path = ../include/Resources.h; sourceTree = "<group>"; };
		4A48FE7062534F0192F8A5FB /* CinderApp.icns */ = {isa = PBXFileReference; lastKnownFileType = image.icns; name = CinderApp.icns; path = ../resources/CinderApp.icns; sourceTree = "<group>"; };
		5323E6B10EAFCA74003A9687 /* CoreVideo.framework */ = {isa = PBXFileReference; lastKnownFileType = wrapper.framework; name = CoreVideo.framework; path = /System/Library/Frameworks/CoreVideo.framework; sourceTree = "<absolute>"; };
		8D1107320486CEB800E47090 /* CinderProjectBasic.app */ = {isa = PBXFileReference; explicitFileType = wrapper.application; includeInIndex = 0; path = CinderProjectBasic.app; sourceTree = BUILT_PRODUCTS_DIR; };
		99139EB41FBA24DF00F94327 /* LuaBindings_2.cpp */ = {isa = PBXFileReference; fileEncoding = 4; lastKnownFileType = sourcecode.cpp.cpp; name = LuaBindings_2.cpp; path = ../src/LuaBindings_2.cpp; sourceTree = "<group>"; };
		99190E8C1F82A7E6007EC646 /* header.frag */ = {isa = PBXFileReference; lastKnownFileType = sourcecode.glsl; name = header.frag; path = ../assets/header.frag; sourceTree = "<group>"; };
		991A61FB1F51BB5A001E44E8 /* GLSL.plist */ = {isa = PBXFileReference; fileEncoding = 4; lastKnownFileType = text.plist.xml; name = GLSL.plist; path = ../resources/GLSL.plist; sourceTree = "<group>"; };
		991A81701F74250900D80CA3 /* PostProcess.h */ = {isa = PBXFileReference; fileEncoding = 4; lastKnownFileType = sourcecode.c.h; name = PostProcess.h; path = ../include/PostProcess.h; sourceTree = "<group>"; };
		991A81711F7425D900D80CA3 /* Drawable.hpp */ = {isa = PBXFileReference; fileEncoding = 4; lastKnownFileType = sourcecode.cpp.h; name = Drawable.hpp; path = ../include/Drawable.hpp; sourceTree = "<group>"; };
		991A81731F74304400D80CA3 /* BuiltinPostProcesses.h */ = {isa = PBXFileReference; fileEncoding = 4; lastKnownFileType = sourcecode.c.h; name = BuiltinPostProcesses.h; path = ../include/BuiltinPostProcesses.h; sourceTree = "<group>"; };
		992BDE0C1F4AF23D001BDFBC /* MyLineNumberView.m */ = {isa = PBXFileReference; fileEncoding = 4; lastKnownFileType = sourcecode.c.objc; name = MyLineNumberView.m; path = ../src/MyLineNumberView.m; sourceTree = "<group>"; };
		992BDE0E1F4AF23D001BDFBC /* MyNSTextView.mm */ = {isa = PBXFileReference; fileEncoding = 4; lastKnownFileType = sourcecode.cpp.objcpp; name = MyNSTextView.mm; path = ../src/MyNSTextView.mm; sourceTree = "<group>"; };
		992BDE121F4AF24C001BDFBC /* MyLineNumberView.h */ = {isa = PBXFileReference; lastKnownFileType = sourcecode.c.h; name = MyLineNumberView.h; path = ../include/MyLineNumberView.h; sourceTree = "<group>"; };
		992BDE141F4AF24C001BDFBC /* MyNSTextView.h */ = {isa = PBXFileReference; lastKnownFileType = sourcecode.c.h; name = MyNSTextView.h; path = ../include/MyNSTextView.h; sourceTree = "<group>"; };
		992BDE151F4AF8B5001BDFBC /* MyMainMenu.xib */ = {isa = PBXFileReference; fileEncoding = 4; lastKnownFileType = file.xib; name = MyMainMenu.xib; path = ../resources/MyMainMenu.xib; sourceTree = "<group>"; };
		993638B91F7D35F3006117AD /* mRectangle.hpp */ = {isa = PBXFileReference; fileEncoding = 4; lastKnownFileType = sourcecode.cpp.h; name = mRectangle.hpp; path = ../include/mRectangle.hpp; sourceTree = "<group>"; };
		993638BA1F7D5C0C006117AD /* mImage.hpp */ = {isa = PBXFileReference; fileEncoding = 4; lastKnownFileType = sourcecode.cpp.h; name = mImage.hpp; path = ../include/mImage.hpp; sourceTree = "<group>"; };
		9936615C1FAF6D1B00DF9F00 /* mImageSrc.hpp */ = {isa = PBXFileReference; fileEncoding = 4; lastKnownFileType = sourcecode.cpp.h; name = mImageSrc.hpp; path = ../include/mImageSrc.hpp; sourceTree = "<group>"; };
		9951A9B31F40D46D0007F2A3 /* MidiConstants.h */ = {isa = PBXFileReference; fileEncoding = 4; lastKnownFileType = sourcecode.c.h; path = MidiConstants.h; sourceTree = "<group>"; };
		9951A9B41F40D46D0007F2A3 /* MidiExceptions.h */ = {isa = PBXFileReference; fileEncoding = 4; lastKnownFileType = sourcecode.c.h; path = MidiExceptions.h; sourceTree = "<group>"; };
		9951A9B51F40D46D0007F2A3 /* MidiHeaders.h */ = {isa = PBXFileReference; fileEncoding = 4; lastKnownFileType = sourcecode.c.h; path = MidiHeaders.h; sourceTree = "<group>"; };
		9951A9B61F40D46D0007F2A3 /* MidiHub.h */ = {isa = PBXFileReference; fileEncoding = 4; lastKnownFileType = sourcecode.c.h; path = MidiHub.h; sourceTree = "<group>"; };
		9951A9B71F40D46D0007F2A3 /* MidiIn.h */ = {isa = PBXFileReference; fileEncoding = 4; lastKnownFileType = sourcecode.c.h; path = MidiIn.h; sourceTree = "<group>"; };
		9951A9B81F40D46D0007F2A3 /* MidiMessage.h */ = {isa = PBXFileReference; fileEncoding = 4; lastKnownFileType = sourcecode.c.h; path = MidiMessage.h; sourceTree = "<group>"; };
		9951A9B91F40D46D0007F2A3 /* MidiOut.h */ = {isa = PBXFileReference; fileEncoding = 4; lastKnownFileType = sourcecode.c.h; path = MidiOut.h; sourceTree = "<group>"; };
		9951A9BB1F40D46D0007F2A3 /* RtMidi.cpp */ = {isa = PBXFileReference; fileEncoding = 4; lastKnownFileType = sourcecode.cpp.cpp; path = RtMidi.cpp; sourceTree = "<group>"; };
		9951A9BC1F40D46D0007F2A3 /* RtMidi.h */ = {isa = PBXFileReference; fileEncoding = 4; lastKnownFileType = sourcecode.c.h; path = RtMidi.h; sourceTree = "<group>"; };
		9951A9ED1F40D46E0007F2A3 /* MidiHub.cpp */ = {isa = PBXFileReference; fileEncoding = 4; lastKnownFileType = sourcecode.cpp.cpp; path = MidiHub.cpp; sourceTree = "<group>"; };
		9951A9EE1F40D46E0007F2A3 /* MidiIn.cpp */ = {isa = PBXFileReference; fileEncoding = 4; lastKnownFileType = sourcecode.cpp.cpp; path = MidiIn.cpp; sourceTree = "<group>"; };
		9951A9EF1F40D46E0007F2A3 /* MidiMessage.cpp */ = {isa = PBXFileReference; fileEncoding = 4; lastKnownFileType = sourcecode.cpp.cpp; path = MidiMessage.cpp; sourceTree = "<group>"; };
		9951A9F01F40D46E0007F2A3 /* MidiOut.cpp */ = {isa = PBXFileReference; fileEncoding = 4; lastKnownFileType = sourcecode.cpp.cpp; path = MidiOut.cpp; sourceTree = "<group>"; };
		9951AB8B1F40D4950007F2A3 /* CoreMIDI.framework */ = {isa = PBXFileReference; lastKnownFileType = wrapper.framework; name = CoreMIDI.framework; path = System/Library/Frameworks/CoreMIDI.framework; sourceTree = SDKROOT; };
		9986C37C1FC3474B00198ED6 /* MyNSSplitView.mm */ = {isa = PBXFileReference; fileEncoding = 4; lastKnownFileType = sourcecode.cpp.objcpp; name = MyNSSplitView.mm; path = ../src/MyNSSplitView.mm; sourceTree = "<group>"; };
		9986C37E1FC3478E00198ED6 /* MyNSSplitView.h */ = {isa = PBXFileReference; fileEncoding = 4; lastKnownFileType = sourcecode.c.h; name = MyNSSplitView.h; path = ../include/MyNSSplitView.h; sourceTree = "<group>"; };
		9990BA301F70051600C62B7A /* Osc.cpp */ = {isa = PBXFileReference; fileEncoding = 4; lastKnownFileType = sourcecode.cpp.cpp; path = Osc.cpp; sourceTree = "<group>"; };
		9990BA311F70051600C62B7A /* Osc.h */ = {isa = PBXFileReference; fileEncoding = 4; lastKnownFileType = sourcecode.c.h; path = Osc.h; sourceTree = "<group>"; };
		999EA3C51F89B0720069CABF /* mRand.hpp */ = {isa = PBXFileReference; fileEncoding = 4; lastKnownFileType = sourcecode.cpp.h; name = mRand.hpp; path = ../include/mRand.hpp; sourceTree = "<group>"; };
		99BB0FDB1F84598B006FD2C1 /* mLine.hpp */ = {isa = PBXFileReference; fileEncoding = 4; lastKnownFileType = sourcecode.cpp.h; name = mLine.hpp; path = ../include/mLine.hpp; sourceTree = "<group>"; };
		99BF83481F60C91D00E0B4A8 /* LUA.plist */ = {isa = PBXFileReference; fileEncoding = 4; lastKnownFileType = text.plist.xml; name = LUA.plist; path = ../resources/LUA.plist; sourceTree = "<group>"; };
		99C5AC161F6DC2CF009DB2FB /* sol.hpp */ = {isa = PBXFileReference; fileEncoding = 4; lastKnownFileType = sourcecode.cpp.h; name = sol.hpp; path = ../include/sol.hpp; sourceTree = "<group>"; };
		99C5AC1A1F6DC337009DB2FB /* mCircle.hpp */ = {isa = PBXFileReference; fileEncoding = 4; lastKnownFileType = sourcecode.cpp.h; name = mCircle.hpp; path = ../include/mCircle.hpp; sourceTree = "<group>"; };
		99C5AC1B1F6DC75D009DB2FB /* liblua53.a */ = {isa = PBXFileReference; lastKnownFileType = archive.ar; name = liblua53.a; path = ../../../../../../usr/local/lib/liblua53.a; sourceTree = "<group>"; };
		99C5AC1C1F6DC75D009DB2FB /* liblua53.dylib */ = {isa = PBXFileReference; lastKnownFileType = "compiled.mach-o.dylib"; name = liblua53.dylib; path = ../../../../../../usr/local/lib/liblua53.dylib; sourceTree = "<group>"; };
		99D456ED1F8C313C00BF4DB3 /* mCube.hpp */ = {isa = PBXFileReference; fileEncoding = 4; lastKnownFileType = sourcecode.cpp.h; name = mCube.hpp; path = ../include/mCube.hpp; sourceTree = "<group>"; };
		99D456EE1F8C33D900BF4DB3 /* mSphere.hpp */ = {isa = PBXFileReference; fileEncoding = 4; lastKnownFileType = sourcecode.cpp.h; name = mSphere.hpp; path = ../include/mSphere.hpp; sourceTree = "<group>"; };
		99D456F01F8C430800BF4DB3 /* LuaBindings_2.hpp */ = {isa = PBXFileReference; fileEncoding = 4; lastKnownFileType = sourcecode.cpp.h; name = LuaBindings_2.hpp; path = ../include/LuaBindings_2.hpp; sourceTree = "<group>"; };
		99D456F11F8C51EE00BF4DB3 /* luaBindings.cpp */ = {isa = PBXFileReference; fileEncoding = 4; lastKnownFileType = sourcecode.cpp.cpp; name = luaBindings.cpp; path = ../src/luaBindings.cpp; sourceTree = "<group>"; };
		99D456F41F8C669200BF4DB3 /* MyNSScroller.h */ = {isa = PBXFileReference; fileEncoding = 4; lastKnownFileType = sourcecode.c.h; name = MyNSScroller.h; path = ../include/MyNSScroller.h; sourceTree = "<group>"; };
		99D456F51F8C66CE00BF4DB3 /* MyNSScroller.m */ = {isa = PBXFileReference; fileEncoding = 4; lastKnownFileType = sourcecode.c.objc; name = MyNSScroller.m; path = ../src/MyNSScroller.m; sourceTree = "<group>"; };
		99D456F71F8C68EB00BF4DB3 /* CinderProjectBasicApp.mm */ = {isa = PBXFileReference; fileEncoding = 4; lastKnownFileType = sourcecode.cpp.objcpp; name = CinderProjectBasicApp.mm; path = ../src/CinderProjectBasicApp.mm; sourceTree = "<group>"; };
		99E08CB01F79C5C000DE1838 /* startup.lua */ = {isa = PBXFileReference; fileEncoding = 4; lastKnownFileType = text; name = startup.lua; path = ../assets/startup.lua; sourceTree = "<group>"; };
		99E08CB21F79E16600DE1838 /* FeedbackNSTextView.mm */ = {isa = PBXFileReference; fileEncoding = 4; lastKnownFileType = sourcecode.cpp.objcpp; name = FeedbackNSTextView.mm; path = ../src/FeedbackNSTextView.mm; sourceTree = "<group>"; };
		99E08CB41F79E25C00DE1838 /* FeedbackNSTextView.h */ = {isa = PBXFileReference; fileEncoding = 4; lastKnownFileType = sourcecode.c.h; name = FeedbackNSTextView.h; path = ../include/FeedbackNSTextView.h; sourceTree = "<group>"; };
		99E982041F366B930013A336 /* WebKit.framework */ = {isa = PBXFileReference; lastKnownFileType = wrapper.framework; name = WebKit.framework; path = System/Library/Frameworks/WebKit.framework; sourceTree = SDKROOT; };
		99EBEB621F3E997200453241 /* AudioDrawUtils.h */ = {isa = PBXFileReference; fileEncoding = 4; lastKnownFileType = sourcecode.c.h; name = AudioDrawUtils.h; path = ../include/AudioDrawUtils.h; sourceTree = "<group>"; };
		99EBEB631F3E997200453241 /* AudioDrawUtils.cpp */ = {isa = PBXFileReference; fileEncoding = 4; lastKnownFileType = sourcecode.cpp.cpp; name = AudioDrawUtils.cpp; path = ../src/AudioDrawUtils.cpp; sourceTree = "<group>"; };
		99F22F381F423DC20091620D /* render.frag */ = {isa = PBXFileReference; lastKnownFileType = sourcecode.glsl; name = render.frag; path = ../assets/render.frag; sourceTree = "<group>"; };
		99F22F391F423DC20091620D /* render.vert */ = {isa = PBXFileReference; lastKnownFileType = sourcecode.glsl; name = render.vert; path = ../assets/render.vert; sourceTree = "<group>"; };
		BF3BC0CF9B3544B0B72671CE /* LiveWare_Prefix.pch */ = {isa = PBXFileReference; lastKnownFileType = sourcecode.c.h; path = LiveWare_Prefix.pch; sourceTree = "<group>"; };
/* End PBXFileReference section */

/* Begin PBXFrameworksBuildPhase section */
		8D11072E0486CEB800E47090 /* Frameworks */ = {
			isa = PBXFrameworksBuildPhase;
			buildActionMask = 2147483647;
			files = (
				99C5AC1D1F6DC75D009DB2FB /* liblua53.a in Frameworks */,
				99C5AC1E1F6DC75D009DB2FB /* liblua53.dylib in Frameworks */,
				9951AB8C1F40D4950007F2A3 /* CoreMIDI.framework in Frameworks */,
				99E982051F366B930013A336 /* WebKit.framework in Frameworks */,
				006D720419952D00008149E2 /* AVFoundation.framework in Frameworks */,
				006D720519952D00008149E2 /* CoreMedia.framework in Frameworks */,
				8D11072F0486CEB800E47090 /* Cocoa.framework in Frameworks */,
				0091D8F90E81B9330029341E /* OpenGL.framework in Frameworks */,
				5323E6B20EAFCA74003A9687 /* CoreVideo.framework in Frameworks */,
				00B784B30FF439BC000DE1D7 /* Accelerate.framework in Frameworks */,
				00B784B40FF439BC000DE1D7 /* AudioToolbox.framework in Frameworks */,
				00B784B50FF439BC000DE1D7 /* AudioUnit.framework in Frameworks */,
				00B784B60FF439BC000DE1D7 /* CoreAudio.framework in Frameworks */,
				00B9955A1B128DF400A5C623 /* IOKit.framework in Frameworks */,
				00B9955B1B128DF400A5C623 /* IOSurface.framework in Frameworks */,
			);
			runOnlyForDeploymentPostprocessing = 0;
		};
/* End PBXFrameworksBuildPhase section */

/* Begin PBXGroup section */
		01B97315FEAEA392516A2CEA /* Blocks */ = {
			isa = PBXGroup;
			children = (
				9990B94A1F70051600C62B7A /* OSC */,
				9951A9AD1F40D46D0007F2A3 /* MIDI2 */,
			);
			name = Blocks;
			sourceTree = "<group>";
		};
		080E96DDFE201D6D7F000001 /* Source */ = {
			isa = PBXGroup;
			children = (
				9986C37C1FC3474B00198ED6 /* MyNSSplitView.mm */,
				99D456F11F8C51EE00BF4DB3 /* luaBindings.cpp */,
				99139EB41FBA24DF00F94327 /* LuaBindings_2.cpp */,
				99EBEB631F3E997200453241 /* AudioDrawUtils.cpp */,
				99D456F51F8C66CE00BF4DB3 /* MyNSScroller.m */,
				992BDE0C1F4AF23D001BDFBC /* MyLineNumberView.m */,
				99E08CB21F79E16600DE1838 /* FeedbackNSTextView.mm */,
				992BDE0E1F4AF23D001BDFBC /* MyNSTextView.mm */,
				99D456F71F8C68EB00BF4DB3 /* CinderProjectBasicApp.mm */,
			);
			name = Source;
			sourceTree = "<group>";
		};
		1058C7A0FEA54F0111CA2CBB /* Linked Frameworks */ = {
			isa = PBXGroup;
			children = (
				9951AB8B1F40D4950007F2A3 /* CoreMIDI.framework */,
				99E982041F366B930013A336 /* WebKit.framework */,
				006D720219952D00008149E2 /* AVFoundation.framework */,
				006D720319952D00008149E2 /* CoreMedia.framework */,
				00B784AF0FF439BC000DE1D7 /* Accelerate.framework */,
				00B784B00FF439BC000DE1D7 /* AudioToolbox.framework */,
				00B784B10FF439BC000DE1D7 /* AudioUnit.framework */,
				00B784B20FF439BC000DE1D7 /* CoreAudio.framework */,
				5323E6B10EAFCA74003A9687 /* CoreVideo.framework */,
				0091D8F80E81B9330029341E /* OpenGL.framework */,
				1058C7A1FEA54F0111CA2CBB /* Cocoa.framework */,
				00B995581B128DF400A5C623 /* IOKit.framework */,
				00B995591B128DF400A5C623 /* IOSurface.framework */,
			);
			name = "Linked Frameworks";
			sourceTree = "<group>";
		};
		1058C7A2FEA54F0111CA2CBB /* Other Frameworks */ = {
			isa = PBXGroup;
			children = (
				29B97324FDCFA39411CA2CEA /* AppKit.framework */,
				29B97325FDCFA39411CA2CEA /* Foundation.framework */,
			);
			name = "Other Frameworks";
			sourceTree = "<group>";
		};
		19C28FACFE9D520D11CA2CBB /* Products */ = {
			isa = PBXGroup;
			children = (
				8D1107320486CEB800E47090 /* CinderProjectBasic.app */,
			);
			name = Products;
			sourceTree = "<group>";
		};
		29B97314FDCFA39411CA2CEA /* CinderProjectBasic */ = {
			isa = PBXGroup;
			children = (
				01B97315FEAEA392516A2CEA /* Blocks */,
				99C5AC191F6DC317009DB2FB /* Drawables */,
				29B97315FDCFA39411CA2CEA /* Headers */,
				080E96DDFE201D6D7F000001 /* Source */,
				29B97317FDCFA39411CA2CEA /* Resources */,
				29B97323FDCFA39411CA2CEA /* Frameworks */,
				19C28FACFE9D520D11CA2CBB /* Products */,
			);
			name = CinderProjectBasic;
			sourceTree = "<group>";
		};
		29B97315FDCFA39411CA2CEA /* Headers */ = {
			isa = PBXGroup;
			children = (
				9986C37E1FC3478E00198ED6 /* MyNSSplitView.h */,
				99C5AC161F6DC2CF009DB2FB /* sol.hpp */,
				99D456F41F8C669200BF4DB3 /* MyNSScroller.h */,
				992BDE121F4AF24C001BDFBC /* MyLineNumberView.h */,
				992BDE141F4AF24C001BDFBC /* MyNSTextView.h */,
				99E08CB41F79E25C00DE1838 /* FeedbackNSTextView.h */,
				99EBEB621F3E997200453241 /* AudioDrawUtils.h */,
				4442529699194DE2A42C0BAF /* Resources.h */,
				BF3BC0CF9B3544B0B72671CE /* LiveWare_Prefix.pch */,
				02FAB0FF541A4FECB8818EDB /* LuaBindings.hpp */,
				99D456F01F8C430800BF4DB3 /* LuaBindings_2.hpp */,
			);
			name = Headers;
			sourceTree = "<group>";
		};
		29B97317FDCFA39411CA2CEA /* Resources */ = {
			isa = PBXGroup;
			children = (
				991A61FB1F51BB5A001E44E8 /* GLSL.plist */,
				99BF83481F60C91D00E0B4A8 /* LUA.plist */,
				992BDE151F4AF8B5001BDFBC /* MyMainMenu.xib */,
				99E08CB01F79C5C000DE1838 /* startup.lua */,
				99190E8C1F82A7E6007EC646 /* header.frag */,
				99F22F381F423DC20091620D /* render.frag */,
				99F22F391F423DC20091620D /* render.vert */,
				4A48FE7062534F0192F8A5FB /* CinderApp.icns */,
			);
			name = Resources;
			sourceTree = "<group>";
		};
		29B97323FDCFA39411CA2CEA /* Frameworks */ = {
			isa = PBXGroup;
			children = (
				99C5AC1B1F6DC75D009DB2FB /* liblua53.a */,
				99C5AC1C1F6DC75D009DB2FB /* liblua53.dylib */,
				1058C7A0FEA54F0111CA2CBB /* Linked Frameworks */,
				1058C7A2FEA54F0111CA2CBB /* Other Frameworks */,
			);
			name = Frameworks;
			sourceTree = "<group>";
		};
		9951A9AD1F40D46D0007F2A3 /* MIDI2 */ = {
			isa = PBXGroup;
			children = (
				9951A9B21F40D46D0007F2A3 /* include */,
				9951A9BA1F40D46D0007F2A3 /* lib */,
				9951A9EC1F40D46E0007F2A3 /* src */,
			);
			name = MIDI2;
			path = ../../cinder_0.9.1_mac/blocks/MIDI2;
			sourceTree = "<group>";
		};
		9951A9B21F40D46D0007F2A3 /* include */ = {
			isa = PBXGroup;
			children = (
				9951A9B31F40D46D0007F2A3 /* MidiConstants.h */,
				9951A9B41F40D46D0007F2A3 /* MidiExceptions.h */,
				9951A9B51F40D46D0007F2A3 /* MidiHeaders.h */,
				9951A9B61F40D46D0007F2A3 /* MidiHub.h */,
				9951A9B71F40D46D0007F2A3 /* MidiIn.h */,
				9951A9B81F40D46D0007F2A3 /* MidiMessage.h */,
				9951A9B91F40D46D0007F2A3 /* MidiOut.h */,
			);
			path = include;
			sourceTree = "<group>";
		};
		9951A9BA1F40D46D0007F2A3 /* lib */ = {
			isa = PBXGroup;
			children = (
				9951A9BB1F40D46D0007F2A3 /* RtMidi.cpp */,
				9951A9BC1F40D46D0007F2A3 /* RtMidi.h */,
			);
			path = lib;
			sourceTree = "<group>";
		};
		9951A9EC1F40D46E0007F2A3 /* src */ = {
			isa = PBXGroup;
			children = (
				9951A9ED1F40D46E0007F2A3 /* MidiHub.cpp */,
				9951A9EE1F40D46E0007F2A3 /* MidiIn.cpp */,
				9951A9EF1F40D46E0007F2A3 /* MidiMessage.cpp */,
				9951A9F01F40D46E0007F2A3 /* MidiOut.cpp */,
			);
			path = src;
			sourceTree = "<group>";
		};
		9990B94A1F70051600C62B7A /* OSC */ = {
			isa = PBXGroup;
			children = (
				9990BA2D1F70051600C62B7A /* src */,
			);
			name = OSC;
			path = ../../cinder_0.9.1_mac/blocks/OSC;
			sourceTree = "<group>";
		};
		9990BA2D1F70051600C62B7A /* src */ = {
			isa = PBXGroup;
			children = (
				9990BA2E1F70051600C62B7A /* cinder */,
			);
			path = src;
			sourceTree = "<group>";
		};
		9990BA2E1F70051600C62B7A /* cinder */ = {
			isa = PBXGroup;
			children = (
				9990BA2F1F70051600C62B7A /* osc */,
			);
			path = cinder;
			sourceTree = "<group>";
		};
		9990BA2F1F70051600C62B7A /* osc */ = {
			isa = PBXGroup;
			children = (
				9990BA301F70051600C62B7A /* Osc.cpp */,
				9990BA311F70051600C62B7A /* Osc.h */,
			);
			path = osc;
			sourceTree = "<group>";
		};
		99C5AC191F6DC317009DB2FB /* Drawables */ = {
			isa = PBXGroup;
			children = (
				991A81701F74250900D80CA3 /* PostProcess.h */,
				991A81731F74304400D80CA3 /* BuiltinPostProcesses.h */,
				991A81711F7425D900D80CA3 /* Drawable.hpp */,
				993638BA1F7D5C0C006117AD /* mImage.hpp */,
				9936615C1FAF6D1B00DF9F00 /* mImageSrc.hpp */,
				99C5AC1A1F6DC337009DB2FB /* mCircle.hpp */,
				99D456EE1F8C33D900BF4DB3 /* mSphere.hpp */,
				993638B91F7D35F3006117AD /* mRectangle.hpp */,
				99D456ED1F8C313C00BF4DB3 /* mCube.hpp */,
				99BB0FDB1F84598B006FD2C1 /* mLine.hpp */,
				999EA3C51F89B0720069CABF /* mRand.hpp */,
			);
			name = Drawables;
			sourceTree = "<group>";
		};
/* End PBXGroup section */

/* Begin PBXNativeTarget section */
		8D1107260486CEB800E47090 /* LiveWare */ = {
			isa = PBXNativeTarget;
			buildConfigurationList = C01FCF4A08A954540054247B /* Build configuration list for PBXNativeTarget "LiveWare" */;
			buildPhases = (
				8D1107290486CEB800E47090 /* Resources */,
				8D11072C0486CEB800E47090 /* Sources */,
				8D11072E0486CEB800E47090 /* Frameworks */,
			);
			buildRules = (
			);
			dependencies = (
			);
			name = LiveWare;
			productInstallPath = "$(HOME)/Applications";
			productName = CinderProjectBasic;
			productReference = 8D1107320486CEB800E47090 /* CinderProjectBasic.app */;
			productType = "com.apple.product-type.application";
		};
/* End PBXNativeTarget section */

/* Begin PBXProject section */
		29B97313FDCFA39411CA2CEA /* Project object */ = {
			isa = PBXProject;
			attributes = {
			};
			buildConfigurationList = C01FCF4E08A954540054247B /* Build configuration list for PBXProject "LiveWare" */;
			compatibilityVersion = "Xcode 3.2";
			developmentRegion = English;
			hasScannedForEncodings = 1;
			knownRegions = (
				English,
				Japanese,
				French,
				German,
			);
			mainGroup = 29B97314FDCFA39411CA2CEA /* CinderProjectBasic */;
			projectDirPath = "";
			projectRoot = "";
			targets = (
				8D1107260486CEB800E47090 /* LiveWare */,
			);
		};
/* End PBXProject section */

/* Begin PBXResourcesBuildPhase section */
		8D1107290486CEB800E47090 /* Resources */ = {
			isa = PBXResourcesBuildPhase;
			buildActionMask = 2147483647;
			files = (
				991A61FC1F51BB5A001E44E8 /* GLSL.plist in Resources */,
				99BF83491F60C91D00E0B4A8 /* LUA.plist in Resources */,
				51CA7AD9B7364030B35A1885 /* CinderApp.icns in Resources */,
				992BDE161F4AF8B6001BDFBC /* MyMainMenu.xib in Resources */,
				99E08CB11F79C5C000DE1838 /* startup.lua in Resources */,
			);
			runOnlyForDeploymentPostprocessing = 0;
		};
/* End PBXResourcesBuildPhase section */

/* Begin PBXSourcesBuildPhase section */
		8D11072C0486CEB800E47090 /* Sources */ = {
			isa = PBXSourcesBuildPhase;
			buildActionMask = 2147483647;
			files = (
				9951A9FC1F40D46E0007F2A3 /* RtMidi.cpp in Sources */,
				992BDE0F1F4AF23D001BDFBC /* MyLineNumberView.m in Sources */,
				9986C37D1FC3474B00198ED6 /* MyNSSplitView.mm in Sources */,
				99E08CB31F79E16600DE1838 /* FeedbackNSTextView.mm in Sources */,
				99139EB51FBA24DF00F94327 /* LuaBindings_2.cpp in Sources */,
				9951AA191F40D46E0007F2A3 /* MidiMessage.cpp in Sources */,
				99D456F31F8C51EE00BF4DB3 /* luaBindings.cpp in Sources */,
				99D456F81F8C68EB00BF4DB3 /* CinderProjectBasicApp.mm in Sources */,
				99EBEB641F3E997200453241 /* AudioDrawUtils.cpp in Sources */,
				9951AA181F40D46E0007F2A3 /* MidiIn.cpp in Sources */,
				9951AA171F40D46E0007F2A3 /* MidiHub.cpp in Sources */,
				992BDE111F4AF23D001BDFBC /* MyNSTextView.mm in Sources */,
				9990BAA51F70051600C62B7A /* Osc.cpp in Sources */,
				99D456F61F8C66CE00BF4DB3 /* MyNSScroller.m in Sources */,
				9951AA1A1F40D46E0007F2A3 /* MidiOut.cpp in Sources */,
			);
			runOnlyForDeploymentPostprocessing = 0;
		};
/* End PBXSourcesBuildPhase section */

/* Begin XCBuildConfiguration section */
		C01FCF4B08A954540054247B /* Debug */ = {
			isa = XCBuildConfiguration;
			buildSettings = {
				CINDER_PATH = /Users/lawsos2/LiveCoding/Liveware/cinder_0.9.1_mac;
				COMBINE_HIDPI_IMAGES = YES;
				COPY_PHASE_STRIP = NO;
				DEAD_CODE_STRIPPING = YES;
				GCC_DYNAMIC_NO_PIC = NO;
				GCC_INLINES_ARE_PRIVATE_EXTERN = YES;
				GCC_OPTIMIZATION_LEVEL = 0;
				GCC_PRECOMPILE_PREFIX_HEADER = YES;
				GCC_PREFIX_HEADER = LiveWare_Prefix.pch;
				GCC_PREPROCESSOR_DEFINITIONS = (
					"DEBUG=1",
					"$(inherited)",
				);
				GCC_SYMBOLS_PRIVATE_EXTERN = NO;
				HEADER_SEARCH_PATHS = (
					"\"$(CINDER_PATH)/include\"",
					/usr/local/include,
				);
				INFOPLIST_FILE = Info.plist;
				INSTALL_PATH = "$(HOME)/Applications";
				LIBRARY_SEARCH_PATHS = /usr/local/lib;
				MACOSX_DEPLOYMENT_TARGET = 10.12;
				OTHER_CFLAGS = "";
				OTHER_CPLUSPLUSFLAGS = (
					"$(OTHER_CFLAGS)",
					"-std=c++14",
				);
				OTHER_LDFLAGS = "\"$(CINDER_PATH)/lib/macosx/$(CONFIGURATION)/libcinder.a\"";
				PRODUCT_BUNDLE_IDENTIFIER = com.shawnlawson.liveware;
				PRODUCT_NAME = LiveWare;
				SYMROOT = ./build;
				USER_HEADER_SEARCH_PATHS = "\"$(CINDER_PATH)/include\" ../include $(CINDER_PATH)/blocks/MIDI2/lib $(CINDER_PATH)/blocks/MIDI2/src $(CINDER_PATH)/blocks/MIDI2/include $(CINDER_PATH)/blocks/OSC/src \"$(CINDER_PATH)/blocks/OSC/src\"";
				WRAPPER_EXTENSION = app;
			};
			name = Debug;
		};
		C01FCF4C08A954540054247B /* Release */ = {
			isa = XCBuildConfiguration;
			buildSettings = {
				CINDER_PATH = /Users/lawsos2/LiveCoding/Liveware/cinder_0.9.1_mac;
				COMBINE_HIDPI_IMAGES = YES;
				DEAD_CODE_STRIPPING = YES;
				DEBUG_INFORMATION_FORMAT = "dwarf-with-dsym";
				GCC_FAST_MATH = YES;
				GCC_GENERATE_DEBUGGING_SYMBOLS = NO;
				GCC_INLINES_ARE_PRIVATE_EXTERN = YES;
				GCC_OPTIMIZATION_LEVEL = 3;
				GCC_PRECOMPILE_PREFIX_HEADER = YES;
				GCC_PREFIX_HEADER = LiveWare_Prefix.pch;
				GCC_PREPROCESSOR_DEFINITIONS = (
					"NDEBUG=1",
					"$(inherited)",
				);
				GCC_SYMBOLS_PRIVATE_EXTERN = NO;
				HEADER_SEARCH_PATHS = (
					"\"$(CINDER_PATH)/include\"",
					/usr/local/include,
				);
				INFOPLIST_FILE = Info.plist;
				INSTALL_PATH = "$(HOME)/Applications";
				LIBRARY_SEARCH_PATHS = /usr/local/lib;
				MACOSX_DEPLOYMENT_TARGET = 10.12;
				OTHER_CFLAGS = "";
				OTHER_CPLUSPLUSFLAGS = (
					"$(OTHER_CFLAGS)",
					"-std=c++14",
				);
				OTHER_LDFLAGS = "\"$(CINDER_PATH)/lib/macosx/$(CONFIGURATION)/libcinder.a\"";
				PRODUCT_BUNDLE_IDENTIFIER = com.shawnlawson.liveware;
				PRODUCT_NAME = LiveWare;
				STRIP_INSTALLED_PRODUCT = YES;
				SYMROOT = ./build;
				USER_HEADER_SEARCH_PATHS = "\"$(CINDER_PATH)/include\" ../include $(CINDER_PATH)/blocks/MIDI2/lib $(CINDER_PATH)/blocks/MIDI2/src $(CINDER_PATH)/blocks/MIDI2/include $(CINDER_PATH)/blocks/OSC/src \"$(CINDER_PATH)/blocks/OSC/src\"";
				WRAPPER_EXTENSION = app;
			};
			name = Release;
		};
		C01FCF4F08A954540054247B /* Debug */ = {
			isa = XCBuildConfiguration;
			buildSettings = {
				ALWAYS_SEARCH_USER_PATHS = NO;
				CINDER_PATH = ../../../Downloads/cinder_0.9.1_mac;
				CLANG_CXX_LANGUAGE_STANDARD = "c++11";
				CLANG_CXX_LIBRARY = "libc++";
				ENABLE_TESTABILITY = YES;
				GCC_WARN_ABOUT_RETURN_TYPE = YES;
				GCC_WARN_UNUSED_VARIABLE = YES;
				HEADER_SEARCH_PATHS = "\"$(CINDER_PATH)/include\"";
				MACOSX_DEPLOYMENT_TARGET = 10.11;
				ONLY_ACTIVE_ARCH = YES;
				SDKROOT = macosx;
				USER_HEADER_SEARCH_PATHS = "\"$(CINDER_PATH)/include\" ../include";
			};
			name = Debug;
		};
		C01FCF5008A954540054247B /* Release */ = {
			isa = XCBuildConfiguration;
			buildSettings = {
				ALWAYS_SEARCH_USER_PATHS = NO;
				CINDER_PATH = ../../../Downloads/cinder_0.9.1_mac;
				CLANG_CXX_LANGUAGE_STANDARD = "c++11";
				CLANG_CXX_LIBRARY = "libc++";
				GCC_WARN_ABOUT_RETURN_TYPE = YES;
				GCC_WARN_UNUSED_VARIABLE = YES;
				HEADER_SEARCH_PATHS = "\"$(CINDER_PATH)/include\"";
				MACOSX_DEPLOYMENT_TARGET = 10.11;
				SDKROOT = macosx;
				USER_HEADER_SEARCH_PATHS = "\"$(CINDER_PATH)/include\" ../include";
			};
			name = Release;
		};
/* End XCBuildConfiguration section */

/* Begin XCConfigurationList section */
		C01FCF4A08A954540054247B /* Build configuration list for PBXNativeTarget "LiveWare" */ = {
			isa = XCConfigurationList;
			buildConfigurations = (
				C01FCF4B08A954540054247B /* Debug */,
				C01FCF4C08A954540054247B /* Release */,
			);
			defaultConfigurationIsVisible = 0;
			defaultConfigurationName = Release;
		};
		C01FCF4E08A954540054247B /* Build configuration list for PBXProject "LiveWare" */ = {
			isa = XCConfigurationList;
			buildConfigurations = (
				C01FCF4F08A954540054247B /* Debug */,
				C01FCF5008A954540054247B /* Release */,
			);
			defaultConfigurationIsVisible = 0;
			defaultConfigurationName = Release;
		};
/* End XCConfigurationList section */
	};
	rootObject = 29B97313FDCFA39411CA2CEA /* Project object */;
}
